// !$*UTF8*$!
{
	archiveVersion = 1;
	classes = {
	};
	objectVersion = 55;
	objects = {

/* Begin PBXBuildFile section */
		A6D54EBB2A21256B00D36474 /* MetroRetroNF.otf in Resources */ = {isa = PBXBuildFile; fileRef = A6D54EBA2A21256B00D36474 /* MetroRetroNF.otf */; };
		A6DC25CB2A131AB700C03F31 /* Reindeer_WrangleApp.swift in Sources */ = {isa = PBXBuildFile; fileRef = A6DC25CA2A131AB700C03F31 /* Reindeer_WrangleApp.swift */; };
		A6DC25CD2A131AB700C03F31 /* ContentView.swift in Sources */ = {isa = PBXBuildFile; fileRef = A6DC25CC2A131AB700C03F31 /* ContentView.swift */; };
		A6DC25CF2A131ABB00C03F31 /* Assets.xcassets in Resources */ = {isa = PBXBuildFile; fileRef = A6DC25CE2A131ABB00C03F31 /* Assets.xcassets */; };
		A6DC25D22A131ABB00C03F31 /* Preview Assets.xcassets in Resources */ = {isa = PBXBuildFile; fileRef = A6DC25D12A131ABB00C03F31 /* Preview Assets.xcassets */; };
		A6DC25DC2A131ABB00C03F31 /* Reindeer_WrangleTests.swift in Sources */ = {isa = PBXBuildFile; fileRef = A6DC25DB2A131ABB00C03F31 /* Reindeer_WrangleTests.swift */; };
		A6DC25E62A131ABB00C03F31 /* Reindeer_WrangleUITests.swift in Sources */ = {isa = PBXBuildFile; fileRef = A6DC25E52A131ABB00C03F31 /* Reindeer_WrangleUITests.swift */; };
		A6DC25E82A131ABB00C03F31 /* Reindeer_WrangleUITestsLaunchTests.swift in Sources */ = {isa = PBXBuildFile; fileRef = A6DC25E72A131ABB00C03F31 /* Reindeer_WrangleUITestsLaunchTests.swift */; };
/* End PBXBuildFile section */

/* Begin PBXContainerItemProxy section */
		A6DC25D82A131ABB00C03F31 /* PBXContainerItemProxy */ = {
			isa = PBXContainerItemProxy;
			containerPortal = A6DC25BF2A131AB700C03F31 /* Project object */;
			proxyType = 1;
			remoteGlobalIDString = A6DC25C62A131AB700C03F31;
			remoteInfo = Reindeer_Wrangle;
		};
		A6DC25E22A131ABB00C03F31 /* PBXContainerItemProxy */ = {
			isa = PBXContainerItemProxy;
			containerPortal = A6DC25BF2A131AB700C03F31 /* Project object */;
			proxyType = 1;
			remoteGlobalIDString = A6DC25C62A131AB700C03F31;
			remoteInfo = Reindeer_Wrangle;
		};
/* End PBXContainerItemProxy section */

/* Begin PBXFileReference section */
		A6D54EBA2A21256B00D36474 /* MetroRetroNF.otf */ = {isa = PBXFileReference; lastKnownFileType = file; path = MetroRetroNF.otf; sourceTree = "<group>"; };
		A6DC25C72A131AB700C03F31 /* Reindeer_Wrangle.app */ = {isa = PBXFileReference; explicitFileType = wrapper.application; includeInIndex = 0; path = Reindeer_Wrangle.app; sourceTree = BUILT_PRODUCTS_DIR; };
		A6DC25CA2A131AB700C03F31 /* Reindeer_WrangleApp.swift */ = {isa = PBXFileReference; lastKnownFileType = sourcecode.swift; path = Reindeer_WrangleApp.swift; sourceTree = "<group>"; };
		A6DC25CC2A131AB700C03F31 /* ContentView.swift */ = {isa = PBXFileReference; lastKnownFileType = sourcecode.swift; path = ContentView.swift; sourceTree = "<group>"; };
		A6DC25CE2A131ABB00C03F31 /* Assets.xcassets */ = {isa = PBXFileReference; lastKnownFileType = folder.assetcatalog; path = Assets.xcassets; sourceTree = "<group>"; };
		A6DC25D12A131ABB00C03F31 /* Preview Assets.xcassets */ = {isa = PBXFileReference; lastKnownFileType = folder.assetcatalog; path = "Preview Assets.xcassets"; sourceTree = "<group>"; };
		A6DC25D72A131ABB00C03F31 /* Reindeer_WrangleTests.xctest */ = {isa = PBXFileReference; explicitFileType = wrapper.cfbundle; includeInIndex = 0; path = Reindeer_WrangleTests.xctest; sourceTree = BUILT_PRODUCTS_DIR; };
		A6DC25DB2A131ABB00C03F31 /* Reindeer_WrangleTests.swift */ = {isa = PBXFileReference; lastKnownFileType = sourcecode.swift; path = Reindeer_WrangleTests.swift; sourceTree = "<group>"; };
		A6DC25E12A131ABB00C03F31 /* Reindeer_WrangleUITests.xctest */ = {isa = PBXFileReference; explicitFileType = wrapper.cfbundle; includeInIndex = 0; path = Reindeer_WrangleUITests.xctest; sourceTree = BUILT_PRODUCTS_DIR; };
		A6DC25E52A131ABB00C03F31 /* Reindeer_WrangleUITests.swift */ = {isa = PBXFileReference; lastKnownFileType = sourcecode.swift; path = Reindeer_WrangleUITests.swift; sourceTree = "<group>"; };
		A6DC25E72A131ABB00C03F31 /* Reindeer_WrangleUITestsLaunchTests.swift */ = {isa = PBXFileReference; lastKnownFileType = sourcecode.swift; path = Reindeer_WrangleUITestsLaunchTests.swift; sourceTree = "<group>"; };
/* End PBXFileReference section */

/* Begin PBXFrameworksBuildPhase section */
		A6DC25C42A131AB700C03F31 /* Frameworks */ = {
			isa = PBXFrameworksBuildPhase;
			buildActionMask = 2147483647;
			files = (
			);
			runOnlyForDeploymentPostprocessing = 0;
		};
		A6DC25D42A131ABB00C03F31 /* Frameworks */ = {
			isa = PBXFrameworksBuildPhase;
			buildActionMask = 2147483647;
			files = (
			);
			runOnlyForDeploymentPostprocessing = 0;
		};
		A6DC25DE2A131ABB00C03F31 /* Frameworks */ = {
			isa = PBXFrameworksBuildPhase;
			buildActionMask = 2147483647;
			files = (
			);
			runOnlyForDeploymentPostprocessing = 0;
		};
/* End PBXFrameworksBuildPhase section */

/* Begin PBXGroup section */
		A6DC25BE2A131AB700C03F31 = {
			isa = PBXGroup;
			children = (
				A6D54EBA2A21256B00D36474 /* MetroRetroNF.otf */,
				A6DC25C92A131AB700C03F31 /* Reindeer_Wrangle */,
				A6DC25DA2A131ABB00C03F31 /* Reindeer_WrangleTests */,
				A6DC25E42A131ABB00C03F31 /* Reindeer_WrangleUITests */,
				A6DC25C82A131AB700C03F31 /* Products */,
			);
			sourceTree = "<group>";
		};
		A6DC25C82A131AB700C03F31 /* Products */ = {
			isa = PBXGroup;
			children = (
				A6DC25C72A131AB700C03F31 /* Reindeer_Wrangle.app */,
				A6DC25D72A131ABB00C03F31 /* Reindeer_WrangleTests.xctest */,
				A6DC25E12A131ABB00C03F31 /* Reindeer_WrangleUITests.xctest */,
			);
			name = Products;
			sourceTree = "<group>";
		};
		A6DC25C92A131AB700C03F31 /* Reindeer_Wrangle */ = {
			isa = PBXGroup;
			children = (
				A6DC25CA2A131AB700C03F31 /* Reindeer_WrangleApp.swift */,
				A6DC25CC2A131AB700C03F31 /* ContentView.swift */,
				A6DC25CE2A131ABB00C03F31 /* Assets.xcassets */,
				A6DC25D02A131ABB00C03F31 /* Preview Content */,
			);
			path = Reindeer_Wrangle;
			sourceTree = "<group>";
		};
		A6DC25D02A131ABB00C03F31 /* Preview Content */ = {
			isa = PBXGroup;
			children = (
				A6DC25D12A131ABB00C03F31 /* Preview Assets.xcassets */,
			);
			path = "Preview Content";
			sourceTree = "<group>";
		};
		A6DC25DA2A131ABB00C03F31 /* Reindeer_WrangleTests */ = {
			isa = PBXGroup;
			children = (
				A6DC25DB2A131ABB00C03F31 /* Reindeer_WrangleTests.swift */,
			);
			path = Reindeer_WrangleTests;
			sourceTree = "<group>";
		};
		A6DC25E42A131ABB00C03F31 /* Reindeer_WrangleUITests */ = {
			isa = PBXGroup;
			children = (
				A6DC25E52A131ABB00C03F31 /* Reindeer_WrangleUITests.swift */,
				A6DC25E72A131ABB00C03F31 /* Reindeer_WrangleUITestsLaunchTests.swift */,
			);
			path = Reindeer_WrangleUITests;
			sourceTree = "<group>";
		};
/* End PBXGroup section */

/* Begin PBXNativeTarget section */
		A6DC25C62A131AB700C03F31 /* Reindeer_Wrangle */ = {
			isa = PBXNativeTarget;
			buildConfigurationList = A6DC25EB2A131ABB00C03F31 /* Build configuration list for PBXNativeTarget "Reindeer_Wrangle" */;
			buildPhases = (
				A6DC25C32A131AB700C03F31 /* Sources */,
				A6DC25C42A131AB700C03F31 /* Frameworks */,
				A6DC25C52A131AB700C03F31 /* Resources */,
			);
			buildRules = (
			);
			dependencies = (
			);
			name = Reindeer_Wrangle;
			productName = Reindeer_Wrangle;
			productReference = A6DC25C72A131AB700C03F31 /* Reindeer_Wrangle.app */;
			productType = "com.apple.product-type.application";
		};
		A6DC25D62A131ABB00C03F31 /* Reindeer_WrangleTests */ = {
			isa = PBXNativeTarget;
			buildConfigurationList = A6DC25EE2A131ABB00C03F31 /* Build configuration list for PBXNativeTarget "Reindeer_WrangleTests" */;
			buildPhases = (
				A6DC25D32A131ABB00C03F31 /* Sources */,
				A6DC25D42A131ABB00C03F31 /* Frameworks */,
				A6DC25D52A131ABB00C03F31 /* Resources */,
			);
			buildRules = (
			);
			dependencies = (
				A6DC25D92A131ABB00C03F31 /* PBXTargetDependency */,
			);
			name = Reindeer_WrangleTests;
			productName = Reindeer_WrangleTests;
			productReference = A6DC25D72A131ABB00C03F31 /* Reindeer_WrangleTests.xctest */;
			productType = "com.apple.product-type.bundle.unit-test";
		};
		A6DC25E02A131ABB00C03F31 /* Reindeer_WrangleUITests */ = {
			isa = PBXNativeTarget;
			buildConfigurationList = A6DC25F12A131ABB00C03F31 /* Build configuration list for PBXNativeTarget "Reindeer_WrangleUITests" */;
			buildPhases = (
				A6DC25DD2A131ABB00C03F31 /* Sources */,
				A6DC25DE2A131ABB00C03F31 /* Frameworks */,
				A6DC25DF2A131ABB00C03F31 /* Resources */,
			);
			buildRules = (
			);
			dependencies = (
				A6DC25E32A131ABB00C03F31 /* PBXTargetDependency */,
			);
			name = Reindeer_WrangleUITests;
			productName = Reindeer_WrangleUITests;
			productReference = A6DC25E12A131ABB00C03F31 /* Reindeer_WrangleUITests.xctest */;
			productType = "com.apple.product-type.bundle.ui-testing";
		};
/* End PBXNativeTarget section */

/* Begin PBXProject section */
		A6DC25BF2A131AB700C03F31 /* Project object */ = {
			isa = PBXProject;
			attributes = {
				BuildIndependentTargetsInParallel = 1;
				LastSwiftUpdateCheck = 1340;
				LastUpgradeCheck = 1340;
				TargetAttributes = {
					A6DC25C62A131AB700C03F31 = {
						CreatedOnToolsVersion = 13.4.1;
					};
					A6DC25D62A131ABB00C03F31 = {
						CreatedOnToolsVersion = 13.4.1;
						TestTargetID = A6DC25C62A131AB700C03F31;
					};
					A6DC25E02A131ABB00C03F31 = {
						CreatedOnToolsVersion = 13.4.1;
						TestTargetID = A6DC25C62A131AB700C03F31;
					};
				};
			};
			buildConfigurationList = A6DC25C22A131AB700C03F31 /* Build configuration list for PBXProject "Reindeer_Wrangle" */;
			compatibilityVersion = "Xcode 13.0";
			developmentRegion = en;
			hasScannedForEncodings = 0;
			knownRegions = (
				en,
				Base,
			);
			mainGroup = A6DC25BE2A131AB700C03F31;
			productRefGroup = A6DC25C82A131AB700C03F31 /* Products */;
			projectDirPath = "";
			projectRoot = "";
			targets = (
				A6DC25C62A131AB700C03F31 /* Reindeer_Wrangle */,
				A6DC25D62A131ABB00C03F31 /* Reindeer_WrangleTests */,
				A6DC25E02A131ABB00C03F31 /* Reindeer_WrangleUITests */,
			);
		};
/* End PBXProject section */

/* Begin PBXResourcesBuildPhase section */
		A6DC25C52A131AB700C03F31 /* Resources */ = {
			isa = PBXResourcesBuildPhase;
			buildActionMask = 2147483647;
			files = (
				A6DC25D22A131ABB00C03F31 /* Preview Assets.xcassets in Resources */,
				A6DC25CF2A131ABB00C03F31 /* Assets.xcassets in Resources */,
				A6D54EBB2A21256B00D36474 /* MetroRetroNF.otf in Resources */,
			);
			runOnlyForDeploymentPostprocessing = 0;
		};
		A6DC25D52A131ABB00C03F31 /* Resources */ = {
			isa = PBXResourcesBuildPhase;
			buildActionMask = 2147483647;
			files = (
			);
			runOnlyForDeploymentPostprocessing = 0;
		};
		A6DC25DF2A131ABB00C03F31 /* Resources */ = {
			isa = PBXResourcesBuildPhase;
			buildActionMask = 2147483647;
			files = (
			);
			runOnlyForDeploymentPostprocessing = 0;
		};
/* End PBXResourcesBuildPhase section */

/* Begin PBXSourcesBuildPhase section */
		A6DC25C32A131AB700C03F31 /* Sources */ = {
			isa = PBXSourcesBuildPhase;
			buildActionMask = 2147483647;
			files = (
				A6DC25CD2A131AB700C03F31 /* ContentView.swift in Sources */,
				A6DC25CB2A131AB700C03F31 /* Reindeer_WrangleApp.swift in Sources */,
			);
			runOnlyForDeploymentPostprocessing = 0;
		};
		A6DC25D32A131ABB00C03F31 /* Sources */ = {
			isa = PBXSourcesBuildPhase;
			buildActionMask = 2147483647;
			files = (
				A6DC25DC2A131ABB00C03F31 /* Reindeer_WrangleTests.swift in Sources */,
			);
			runOnlyForDeploymentPostprocessing = 0;
		};
		A6DC25DD2A131ABB00C03F31 /* Sources */ = {
			isa = PBXSourcesBuildPhase;
			buildActionMask = 2147483647;
			files = (
				A6DC25E62A131ABB00C03F31 /* Reindeer_WrangleUITests.swift in Sources */,
				A6DC25E82A131ABB00C03F31 /* Reindeer_WrangleUITestsLaunchTests.swift in Sources */,
			);
			runOnlyForDeploymentPostprocessing = 0;
		};
/* End PBXSourcesBuildPhase section */

/* Begin PBXTargetDependency section */
		A6DC25D92A131ABB00C03F31 /* PBXTargetDependency */ = {
			isa = PBXTargetDependency;
			target = A6DC25C62A131AB700C03F31 /* Reindeer_Wrangle */;
			targetProxy = A6DC25D82A131ABB00C03F31 /* PBXContainerItemProxy */;
		};
		A6DC25E32A131ABB00C03F31 /* PBXTargetDependency */ = {
			isa = PBXTargetDependency;
			target = A6DC25C62A131AB700C03F31 /* Reindeer_Wrangle */;
			targetProxy = A6DC25E22A131ABB00C03F31 /* PBXContainerItemProxy */;
		};
/* End PBXTargetDependency section */

/* Begin XCBuildConfiguration section */
		A6DC25E92A131ABB00C03F31 /* Debug */ = {
			isa = XCBuildConfiguration;
			buildSettings = {
				ALWAYS_SEARCH_USER_PATHS = NO;
				CLANG_ANALYZER_NONNULL = YES;
				CLANG_ANALYZER_NUMBER_OBJECT_CONVERSION = YES_AGGRESSIVE;
				CLANG_CXX_LANGUAGE_STANDARD = "gnu++17";
				CLANG_ENABLE_MODULES = YES;
				CLANG_ENABLE_OBJC_ARC = YES;
				CLANG_ENABLE_OBJC_WEAK = YES;
				CLANG_WARN_BLOCK_CAPTURE_AUTORELEASING = YES;
				CLANG_WARN_BOOL_CONVERSION = YES;
				CLANG_WARN_COMMA = YES;
				CLANG_WARN_CONSTANT_CONVERSION = YES;
				CLANG_WARN_DEPRECATED_OBJC_IMPLEMENTATIONS = YES;
				CLANG_WARN_DIRECT_OBJC_ISA_USAGE = YES_ERROR;
				CLANG_WARN_DOCUMENTATION_COMMENTS = YES;
				CLANG_WARN_EMPTY_BODY = YES;
				CLANG_WARN_ENUM_CONVERSION = YES;
				CLANG_WARN_INFINITE_RECURSION = YES;
				CLANG_WARN_INT_CONVERSION = YES;
				CLANG_WARN_NON_LITERAL_NULL_CONVERSION = YES;
				CLANG_WARN_OBJC_IMPLICIT_RETAIN_SELF = YES;
				CLANG_WARN_OBJC_LITERAL_CONVERSION = YES;
				CLANG_WARN_OBJC_ROOT_CLASS = YES_ERROR;
				CLANG_WARN_QUOTED_INCLUDE_IN_FRAMEWORK_HEADER = YES;
				CLANG_WARN_RANGE_LOOP_ANALYSIS = YES;
				CLANG_WARN_STRICT_PROTOTYPES = YES;
				CLANG_WARN_SUSPICIOUS_MOVE = YES;
				CLANG_WARN_UNGUARDED_AVAILABILITY = YES_AGGRESSIVE;
				CLANG_WARN_UNREACHABLE_CODE = YES;
				CLANG_WARN__DUPLICATE_METHOD_MATCH = YES;
				COPY_PHASE_STRIP = NO;
				DEBUG_INFORMATION_FORMAT = dwarf;
				ENABLE_STRICT_OBJC_MSGSEND = YES;
				ENABLE_TESTABILITY = YES;
				GCC_C_LANGUAGE_STANDARD = gnu11;
				GCC_DYNAMIC_NO_PIC = NO;
				GCC_NO_COMMON_BLOCKS = YES;
				GCC_OPTIMIZATION_LEVEL = 0;
				GCC_PREPROCESSOR_DEFINITIONS = (
					"DEBUG=1",
					"$(inherited)",
				);
				GCC_WARN_64_TO_32_BIT_CONVERSION = YES;
				GCC_WARN_ABOUT_RETURN_TYPE = YES_ERROR;
				GCC_WARN_UNDECLARED_SELECTOR = YES;
				GCC_WARN_UNINITIALIZED_AUTOS = YES_AGGRESSIVE;
				GCC_WARN_UNUSED_FUNCTION = YES;
				GCC_WARN_UNUSED_VARIABLE = YES;
				IPHONEOS_DEPLOYMENT_TARGET = 15.5;
				MTL_ENABLE_DEBUG_INFO = INCLUDE_SOURCE;
				MTL_FAST_MATH = YES;
				ONLY_ACTIVE_ARCH = YES;
				SDKROOT = iphoneos;
				SWIFT_ACTIVE_COMPILATION_CONDITIONS = DEBUG;
				SWIFT_OPTIMIZATION_LEVEL = "-Onone";
			};
			name = Debug;
		};
		A6DC25EA2A131ABB00C03F31 /* Release */ = {
			isa = XCBuildConfiguration;
			buildSettings = {
				ALWAYS_SEARCH_USER_PATHS = NO;
				CLANG_ANALYZER_NONNULL = YES;
				CLANG_ANALYZER_NUMBER_OBJECT_CONVERSION = YES_AGGRESSIVE;
				CLANG_CXX_LANGUAGE_STANDARD = "gnu++17";
				CLANG_ENABLE_MODULES = YES;
				CLANG_ENABLE_OBJC_ARC = YES;
				CLANG_ENABLE_OBJC_WEAK = YES;
				CLANG_WARN_BLOCK_CAPTURE_AUTORELEASING = YES;
				CLANG_WARN_BOOL_CONVERSION = YES;
				CLANG_WARN_COMMA = YES;
				CLANG_WARN_CONSTANT_CONVERSION = YES;
				CLANG_WARN_DEPRECATED_OBJC_IMPLEMENTATIONS = YES;
				CLANG_WARN_DIRECT_OBJC_ISA_USAGE = YES_ERROR;
				CLANG_WARN_DOCUMENTATION_COMMENTS = YES;
				CLANG_WARN_EMPTY_BODY = YES;
				CLANG_WARN_ENUM_CONVERSION = YES;
				CLANG_WARN_INFINITE_RECURSION = YES;
				CLANG_WARN_INT_CONVERSION = YES;
				CLANG_WARN_NON_LITERAL_NULL_CONVERSION = YES;
				CLANG_WARN_OBJC_IMPLICIT_RETAIN_SELF = YES;
				CLANG_WARN_OBJC_LITERAL_CONVERSION = YES;
				CLANG_WARN_OBJC_ROOT_CLASS = YES_ERROR;
				CLANG_WARN_QUOTED_INCLUDE_IN_FRAMEWORK_HEADER = YES;
				CLANG_WARN_RANGE_LOOP_ANALYSIS = YES;
				CLANG_WARN_STRICT_PROTOTYPES = YES;
				CLANG_WARN_SUSPICIOUS_MOVE = YES;
				CLANG_WARN_UNGUARDED_AVAILABILITY = YES_AGGRESSIVE;
				CLANG_WARN_UNREACHABLE_CODE = YES;
				CLANG_WARN__DUPLICATE_METHOD_MATCH = YES;
				COPY_PHASE_STRIP = NO;
				DEBUG_INFORMATION_FORMAT = "dwarf-with-dsym";
				ENABLE_NS_ASSERTIONS = NO;
				ENABLE_STRICT_OBJC_MSGSEND = YES;
				GCC_C_LANGUAGE_STANDARD = gnu11;
				GCC_NO_COMMON_BLOCKS = YES;
				GCC_WARN_64_TO_32_BIT_CONVERSION = YES;
				GCC_WARN_ABOUT_RETURN_TYPE = YES_ERROR;
				GCC_WARN_UNDECLARED_SELECTOR = YES;
				GCC_WARN_UNINITIALIZED_AUTOS = YES_AGGRESSIVE;
				GCC_WARN_UNUSED_FUNCTION = YES;
				GCC_WARN_UNUSED_VARIABLE = YES;
				IPHONEOS_DEPLOYMENT_TARGET = 15.5;
				MTL_ENABLE_DEBUG_INFO = NO;
				MTL_FAST_MATH = YES;
				SDKROOT = iphoneos;
				SWIFT_COMPILATION_MODE = wholemodule;
				SWIFT_OPTIMIZATION_LEVEL = "-O";
				VALIDATE_PRODUCT = YES;
			};
			name = Release;
		};
		A6DC25EC2A131ABB00C03F31 /* Debug */ = {
			isa = XCBuildConfiguration;
			buildSettings = {
				ASSETCATALOG_COMPILER_APPICON_NAME = AppIcon;
				ASSETCATALOG_COMPILER_GLOBAL_ACCENT_COLOR_NAME = AccentColor;
				CODE_SIGN_STYLE = Automatic;
				CURRENT_PROJECT_VERSION = 1;
				DEVELOPMENT_ASSET_PATHS = "\"Reindeer_Wrangle/Preview Content\"";
				ENABLE_PREVIEWS = YES;
				GENERATE_INFOPLIST_FILE = YES;
				INFOPLIST_KEY_UIApplicationSceneManifest_Generation = YES;
				INFOPLIST_KEY_UIApplicationSupportsIndirectInputEvents = YES;
				INFOPLIST_KEY_UILaunchScreen_Generation = YES;
				INFOPLIST_KEY_UISupportedInterfaceOrientations_iPad = "UIInterfaceOrientationPortrait UIInterfaceOrientationPortraitUpsideDown UIInterfaceOrientationLandscapeLeft UIInterfaceOrientationLandscapeRight";
				INFOPLIST_KEY_UISupportedInterfaceOrientations_iPhone = "UIInterfaceOrientationPortrait UIInterfaceOrientationLandscapeLeft UIInterfaceOrientationLandscapeRight";
				LD_RUNPATH_SEARCH_PATHS = (
					"$(inherited)",
					"@executable_path/Frameworks",
				);
				MARKETING_VERSION = 1.0;
				PRODUCT_BUNDLE_IDENTIFIER = "Me.Reindeer-Wrangle";
				PRODUCT_NAME = "$(TARGET_NAME)";
				SWIFT_EMIT_LOC_STRINGS = YES;
				SWIFT_VERSION = 5.0;
				TARGETED_DEVICE_FAMILY = "1,2";
			};
			name = Debug;
		};
		A6DC25ED2A131ABB00C03F31 /* Release */ = {
			isa = XCBuildConfiguration;
			buildSettings = {
				ASSETCATALOG_COMPILER_APPICON_NAME = AppIcon;
				ASSETCATALOG_COMPILER_GLOBAL_ACCENT_COLOR_NAME = AccentColor;
				CODE_SIGN_STYLE = Automatic;
				CURRENT_PROJECT_VERSION = 1;
				DEVELOPMENT_ASSET_PATHS = "\"Reindeer_Wrangle/Preview Content\"";
				ENABLE_PREVIEWS = YES;
				GENERATE_INFOPLIST_FILE = YES;
				INFOPLIST_KEY_UIApplicationSceneManifest_Generation = YES;
				INFOPLIST_KEY_UIApplicationSupportsIndirectInputEvents = YES;
				INFOPLIST_KEY_UILaunchScreen_Generation = YES;
				INFOPLIST_KEY_UISupportedInterfaceOrientations_iPad = "UIInterfaceOrientationPortrait UIInterfaceOrientationPortraitUpsideDown UIInterfaceOrientationLandscapeLeft UIInterfaceOrientationLandscapeRight";
				INFOPLIST_KEY_UISupportedInterfaceOrientations_iPhone = "UIInterfaceOrientationPortrait UIInterfaceOrientationLandscapeLeft UIInterfaceOrientationLandscapeRight";
				LD_RUNPATH_SEARCH_PATHS = (
					"$(inherited)",
					"@executable_path/Frameworks",
				);
				MARKETING_VERSION = 1.0;
				PRODUCT_BUNDLE_IDENTIFIER = "Me.Reindeer-Wrangle";
				PRODUCT_NAME = "$(TARGET_NAME)";
				SWIFT_EMIT_LOC_STRINGS = YES;
				SWIFT_VERSION = 5.0;
				TARGETED_DEVICE_FAMILY = "1,2";
			};
			name = Release;
		};
		A6DC25EF2A131ABB00C03F31 /* Debug */ = {
			isa = XCBuildConfiguration;
			buildSettings = {
				ALWAYS_EMBED_SWIFT_STANDARD_LIBRARIES = YES;
				BUNDLE_LOADER = "$(TEST_HOST)";
				CODE_SIGN_STYLE = Automatic;
				CURRENT_PROJECT_VERSION = 1;
				GENERATE_INFOPLIST_FILE = YES;
				IPHONEOS_DEPLOYMENT_TARGET = 15.5;
				MARKETING_VERSION = 1.0;
				PRODUCT_BUNDLE_IDENTIFIER = "Me.Reindeer-WrangleTests";
				PRODUCT_NAME = "$(TARGET_NAME)";
				SWIFT_EMIT_LOC_STRINGS = NO;
				SWIFT_VERSION = 5.0;
				TARGETED_DEVICE_FAMILY = "1,2";
				TEST_HOST = "$(BUILT_PRODUCTS_DIR)/Reindeer_Wrangle.app/Reindeer_Wrangle";
			};
			name = Debug;
		};
		A6DC25F02A131ABB00C03F31 /* Release */ = {
			isa = XCBuildConfiguration;
			buildSettings = {
				ALWAYS_EMBED_SWIFT_STANDARD_LIBRARIES = YES;
				BUNDLE_LOADER = "$(TEST_HOST)";
				CODE_SIGN_STYLE = Automatic;
				CURRENT_PROJECT_VERSION = 1;
				GENERATE_INFOPLIST_FILE = YES;
				IPHONEOS_DEPLOYMENT_TARGET = 15.5;
				MARKETING_VERSION = 1.0;
				PRODUCT_BUNDLE_IDENTIFIER = "Me.Reindeer-WrangleTests";
				PRODUCT_NAME = "$(TARGET_NAME)";
				SWIFT_EMIT_LOC_STRINGS = NO;
				SWIFT_VERSION = 5.0;
				TARGETED_DEVICE_FAMILY = "1,2";
				TEST_HOST = "$(BUILT_PRODUCTS_DIR)/Reindeer_Wrangle.app/Reindeer_Wrangle";
			};
			name = Release;
		};
		A6DC25F22A131ABB00C03F31 /* Debug */ = {
			isa = XCBuildConfiguration;
			buildSettings = {
				ALWAYS_EMBED_SWIFT_STANDARD_LIBRARIES = YES;
				CODE_SIGN_STYLE = Automatic;
				CURRENT_PROJECT_VERSION = 1;
				GENERATE_INFOPLIST_FILE = YES;
				MARKETING_VERSION = 1.0;
				PRODUCT_BUNDLE_IDENTIFIER = "Me.Reindeer-WrangleUITests";
				PRODUCT_NAME = "$(TARGET_NAME)";
				SWIFT_EMIT_LOC_STRINGS = NO;
				SWIFT_VERSION = 5.0;
				TARGETED_DEVICE_FAMILY = "1,2";
				TEST_TARGET_NAME = Reindeer_Wrangle;
			};
			name = Debug;
		};
		A6DC25F32A131ABB00C03F31 /* Release */ = {
			isa = XCBuildConfiguration;
			buildSettings = {
				ALWAYS_EMBED_SWIFT_STANDARD_LIBRARIES = YES;
				CODE_SIGN_STYLE = Automatic;
				CURRENT_PROJECT_VERSION = 1;
				GENERATE_INFOPLIST_FILE = YES;
				MARKETING_VERSION = 1.0;
				PRODUCT_BUNDLE_IDENTIFIER = "Me.Reindeer-WrangleUITests";
				PRODUCT_NAME = "$(TARGET_NAME)";
				SWIFT_EMIT_LOC_STRINGS = NO;
				SWIFT_VERSION = 5.0;
				TARGETED_DEVICE_FAMILY = "1,2";
				TEST_TARGET_NAME = Reindeer_Wrangle;
			};
			name = Release;
		};
/* End XCBuildConfiguration section */

/* Begin XCConfigurationList section */
		A6DC25C22A131AB700C03F31 /* Build configuration list for PBXProject "Reindeer_Wrangle" */ = {
			isa = XCConfigurationList;
			buildConfigurations = (
				A6DC25E92A131ABB00C03F31 /* Debug */,
				A6DC25EA2A131ABB00C03F31 /* Release */,
			);
			defaultConfigurationIsVisible = 0;
			defaultConfigurationName = Release;
		};
		A6DC25EB2A131ABB00C03F31 /* Build configuration list for PBXNativeTarget "Reindeer_Wrangle" */ = {
			isa = XCConfigurationList;
			buildConfigurations = (
				A6DC25EC2A131ABB00C03F31 /* Debug */,
				A6DC25ED2A131ABB00C03F31 /* Release */,
			);
			defaultConfigurationIsVisible = 0;
			defaultConfigurationName = Release;
		};
		A6DC25EE2A131ABB00C03F31 /* Build configuration list for PBXNativeTarget "Reindeer_WrangleTests" */ = {
			isa = XCConfigurationList;
			buildConfigurations = (
				A6DC25EF2A131ABB00C03F31 /* Debug */,
				A6DC25F02A131ABB00C03F31 /* Release */,
			);
			defaultConfigurationIsVisible = 0;
			defaultConfigurationName = Release;
		};
		A6DC25F12A131ABB00C03F31 /* Build configuration list for PBXNativeTarget "Reindeer_WrangleUITests" */ = {
			isa = XCConfigurationList;
			buildConfigurations = (
				A6DC25F22A131ABB00C03F31 /* Debug */,
				A6DC25F32A131ABB00C03F31 /* Release */,
			);
			defaultConfigurationIsVisible = 0;
			defaultConfigurationName = Release;
		};
/* End XCConfigurationList section */
	};
	rootObject = A6DC25BF2A131AB700C03F31 /* Project object */;
}
